// !$*UTF8*$!
{
	archiveVersion = 1;
	classes = {
	};
	objectVersion = 77;
	objects = {

/* Begin PBXBuildFile section */
		1596CC042F48BCF0489B05E6 /* SummaryViewModel.swift in Sources */ = {isa = PBXBuildFile; fileRef = 9A1455050207AA7A459AB74B /* SummaryViewModel.swift */; };
		1F4A9843FD404259F9C54C74 /* ContentView.swift in Sources */ = {isa = PBXBuildFile; fileRef = F82AC19ADE46AA6BB123A557 /* ContentView.swift */; };
		201C12423958C888383944C2 /* Assets.xcassets in Resources */ = {isa = PBXBuildFile; fileRef = 1AE815F78E36D75C40387964 /* Assets.xcassets */; };
		B959A597328C8401EE183DCB /* AppleIntelligenceSummarizerApp.swift in Sources */ = {isa = PBXBuildFile; fileRef = 33CD7091A20D0F5625A553AF /* AppleIntelligenceSummarizerApp.swift */; };
		CC4165375E7F8866979076A9 /* YouTubeTranscriptService.swift in Sources */ = {isa = PBXBuildFile; fileRef = ADD760C9D54CC79111783B7A /* YouTubeTranscriptService.swift */; };
/* End PBXBuildFile section */

/* Begin PBXFileReference section */
		1AE815F78E36D75C40387964 /* Assets.xcassets */ = {isa = PBXFileReference; lastKnownFileType = folder.assetcatalog; path = Assets.xcassets; sourceTree = "<group>"; };
		278AC19FB7CFCB46B8EA5C99 /* AppleIntelligenceSummarizer.app */ = {isa = PBXFileReference; explicitFileType = wrapper.application; includeInIndex = 0; path = AppleIntelligenceSummarizer.app; sourceTree = BUILT_PRODUCTS_DIR; };
		33CD7091A20D0F5625A553AF /* AppleIntelligenceSummarizerApp.swift */ = {isa = PBXFileReference; lastKnownFileType = sourcecode.swift; path = AppleIntelligenceSummarizerApp.swift; sourceTree = "<group>"; };
		9A1455050207AA7A459AB74B /* SummaryViewModel.swift */ = {isa = PBXFileReference; lastKnownFileType = sourcecode.swift; path = SummaryViewModel.swift; sourceTree = "<group>"; };
		ADD760C9D54CC79111783B7A /* YouTubeTranscriptService.swift */ = {isa = PBXFileReference; lastKnownFileType = sourcecode.swift; path = YouTubeTranscriptService.swift; sourceTree = "<group>"; };
		F82AC19ADE46AA6BB123A557 /* ContentView.swift */ = {isa = PBXFileReference; lastKnownFileType = sourcecode.swift; path = ContentView.swift; sourceTree = "<group>"; };
/* End PBXFileReference section */

/* Begin PBXGroup section */
		1F6047E0CE0B18DCE572BFDE = {
			isa = PBXGroup;
			children = (
				4A94D4033A523AC62D027A78 /* AppleIntelligenceSummarizer */,
				68992F54EE7CF049A44BD382 /* Products */,
			);
			sourceTree = "<group>";
		};
		4A94D4033A523AC62D027A78 /* AppleIntelligenceSummarizer */ = {
			isa = PBXGroup;
			children = (
				33CD7091A20D0F5625A553AF /* AppleIntelligenceSummarizerApp.swift */,
				1AE815F78E36D75C40387964 /* Assets.xcassets */,
				F82AC19ADE46AA6BB123A557 /* ContentView.swift */,
				9A1455050207AA7A459AB74B /* SummaryViewModel.swift */,
				ADD760C9D54CC79111783B7A /* YouTubeTranscriptService.swift */,
			);
			path = AppleIntelligenceSummarizer;
			sourceTree = "<group>";
		};
		68992F54EE7CF049A44BD382 /* Products */ = {
			isa = PBXGroup;
			children = (
				278AC19FB7CFCB46B8EA5C99 /* AppleIntelligenceSummarizer.app */,
			);
			name = Products;
			sourceTree = "<group>";
		};
/* End PBXGroup section */

/* Begin PBXNativeTarget section */
		008F74B0C45CF42AFED8E49A /* AppleIntelligenceSummarizer */ = {
			isa = PBXNativeTarget;
			buildConfigurationList = DBBAA5CF02950AE28579007D /* Build configuration list for PBXNativeTarget "AppleIntelligenceSummarizer" */;
			buildPhases = (
				06FB473529352A2743DC91DF /* Sources */,
				12A4CAF9561846C7C39147CF /* Resources */,
			);
			buildRules = (
			);
			dependencies = (
			);
			name = AppleIntelligenceSummarizer;
			packageProductDependencies = (
			);
			productName = AppleIntelligenceSummarizer;
			productReference = 278AC19FB7CFCB46B8EA5C99 /* AppleIntelligenceSummarizer.app */;
			productType = "com.apple.product-type.application";
		};
/* End PBXNativeTarget section */

/* Begin PBXProject section */
		FFB8EEE6E2F04E53748CF645 /* Project object */ = {
			isa = PBXProject;
			attributes = {
				BuildIndependentTargetsInParallel = YES;
				LastUpgradeCheck = 1430;
				TargetAttributes = {
					008F74B0C45CF42AFED8E49A = {
						ProvisioningStyle = Automatic;
					};
				};
			};
			buildConfigurationList = AF59536B7C239686EE48D894 /* Build configuration list for PBXProject "AppleIntelligenceSummarizer" */;
			compatibilityVersion = "Xcode 14.0";
			developmentRegion = en;
			hasScannedForEncodings = 0;
			knownRegions = (
				Base,
				en,
			);
			mainGroup = 1F6047E0CE0B18DCE572BFDE;
			minimizedProjectReferenceProxies = 1;
			preferredProjectObjectVersion = 77;
			projectDirPath = "";
			projectRoot = "";
			targets = (
				008F74B0C45CF42AFED8E49A /* AppleIntelligenceSummarizer */,
			);
		};
/* End PBXProject section */

/* Begin PBXResourcesBuildPhase section */
		12A4CAF9561846C7C39147CF /* Resources */ = {
			isa = PBXResourcesBuildPhase;
			buildActionMask = 2147483647;
			files = (
				201C12423958C888383944C2 /* Assets.xcassets in Resources */,
			);
			runOnlyForDeploymentPostprocessing = 0;
		};
/* End PBXResourcesBuildPhase section */

/* Begin PBXSourcesBuildPhase section */
		06FB473529352A2743DC91DF /* Sources */ = {
			isa = PBXSourcesBuildPhase;
			buildActionMask = 2147483647;
			files = (
				B959A597328C8401EE183DCB /* AppleIntelligenceSummarizerApp.swift in Sources */,
				1F4A9843FD404259F9C54C74 /* ContentView.swift in Sources */,
				1596CC042F48BCF0489B05E6 /* SummaryViewModel.swift in Sources */,
				CC4165375E7F8866979076A9 /* YouTubeTranscriptService.swift in Sources */,
			);
			runOnlyForDeploymentPostprocessing = 0;
		};
/* End PBXSourcesBuildPhase section */

/* Begin XCBuildConfiguration section */
		0DA0FEA79271935660EA0918 /* Debug */ = {
			isa = XCBuildConfiguration;
			buildSettings = {
				ALWAYS_SEARCH_USER_PATHS = NO;
				CLANG_ANALYZER_NONNULL = YES;
				CLANG_ANALYZER_NUMBER_OBJECT_CONVERSION = YES_AGGRESSIVE;
				CLANG_CXX_LANGUAGE_STANDARD = "gnu++14";
				CLANG_CXX_LIBRARY = "libc++";
				CLANG_ENABLE_MODULES = YES;
				CLANG_ENABLE_OBJC_ARC = YES;
				CLANG_ENABLE_OBJC_WEAK = YES;
				CLANG_WARN_BLOCK_CAPTURE_AUTORELEASING = YES;
				CLANG_WARN_BOOL_CONVERSION = YES;
				CLANG_WARN_COMMA = YES;
				CLANG_WARN_CONSTANT_CONVERSION = YES;
				CLANG_WARN_DEPRECATED_OBJC_IMPLEMENTATIONS = YES;
				CLANG_WARN_DIRECT_OBJC_ISA_USAGE = YES_ERROR;
				CLANG_WARN_DOCUMENTATION_COMMENTS = YES;
				CLANG_WARN_EMPTY_BODY = YES;
				CLANG_WARN_ENUM_CONVERSION = YES;
				CLANG_WARN_INFINITE_RECURSION = YES;
				CLANG_WARN_INT_CONVERSION = YES;
				CLANG_WARN_NON_LITERAL_NULL_CONVERSION = YES;
				CLANG_WARN_OBJC_IMPLICIT_RETAIN_SELF = YES;
				CLANG_WARN_OBJC_LITERAL_CONVERSION = YES;
				CLANG_WARN_OBJC_ROOT_CLASS = YES_ERROR;
				CLANG_WARN_QUOTED_INCLUDE_IN_FRAMEWORK_HEADER = YES;
				CLANG_WARN_RANGE_LOOP_ANALYSIS = YES;
				CLANG_WARN_STRICT_PROTOTYPES = YES;
				CLANG_WARN_SUSPICIOUS_MOVE = YES;
				CLANG_WARN_UNGUARDED_AVAILABILITY = YES_AGGRESSIVE;
				CLANG_WARN_UNREACHABLE_CODE = YES;
				CLANG_WARN__DUPLICATE_METHOD_MATCH = YES;
				COPY_PHASE_STRIP = NO;
				DEBUG_INFORMATION_FORMAT = dwarf;
				ENABLE_STRICT_OBJC_MSGSEND = YES;
				ENABLE_TESTABILITY = YES;
				GCC_C_LANGUAGE_STANDARD = gnu11;
				GCC_DYNAMIC_NO_PIC = NO;
				GCC_NO_COMMON_BLOCKS = YES;
				GCC_OPTIMIZATION_LEVEL = 0;
				GCC_PREPROCESSOR_DEFINITIONS = (
					"$(inherited)",
					"DEBUG=1",
				);
				GCC_WARN_64_TO_32_BIT_CONVERSION = YES;
				GCC_WARN_ABOUT_RETURN_TYPE = YES_ERROR;
				GCC_WARN_UNDECLARED_SELECTOR = YES;
				GCC_WARN_UNINITIALIZED_AUTOS = YES_AGGRESSIVE;
				GCC_WARN_UNUSED_FUNCTION = YES;
				GCC_WARN_UNUSED_VARIABLE = YES;
				MACOSX_DEPLOYMENT_TARGET = 26.0;
				MTL_ENABLE_DEBUG_INFO = INCLUDE_SOURCE;
				MTL_FAST_MATH = YES;
				ONLY_ACTIVE_ARCH = YES;
				PRODUCT_NAME = "$(TARGET_NAME)";
				SDKROOT = macosx;
				SWIFT_ACTIVE_COMPILATION_CONDITIONS = DEBUG;
				SWIFT_OPTIMIZATION_LEVEL = "-Onone";
				SWIFT_VERSION = 6.0;
			};
			name = Debug;
		};
		1F0AD390EDE4B03DE95CE396 /* Release */ = {
			isa = XCBuildConfiguration;
			buildSettings = {
				ALWAYS_SEARCH_USER_PATHS = NO;
				CLANG_ANALYZER_NONNULL = YES;
				CLANG_ANALYZER_NUMBER_OBJECT_CONVERSION = YES_AGGRESSIVE;
				CLANG_CXX_LANGUAGE_STANDARD = "gnu++14";
				CLANG_CXX_LIBRARY = "libc++";
				CLANG_ENABLE_MODULES = YES;
				CLANG_ENABLE_OBJC_ARC = YES;
				CLANG_ENABLE_OBJC_WEAK = YES;
				CLANG_WARN_BLOCK_CAPTURE_AUTORELEASING = YES;
				CLANG_WARN_BOOL_CONVERSION = YES;
				CLANG_WARN_COMMA = YES;
				CLANG_WARN_CONSTANT_CONVERSION = YES;
				CLANG_WARN_DEPRECATED_OBJC_IMPLEMENTATIONS = YES;
				CLANG_WARN_DIRECT_OBJC_ISA_USAGE = YES_ERROR;
				CLANG_WARN_DOCUMENTATION_COMMENTS = YES;
				CLANG_WARN_EMPTY_BODY = YES;
				CLANG_WARN_ENUM_CONVERSION = YES;
				CLANG_WARN_INFINITE_RECURSION = YES;
				CLANG_WARN_INT_CONVERSION = YES;
				CLANG_WARN_NON_LITERAL_NULL_CONVERSION = YES;
				CLANG_WARN_OBJC_IMPLICIT_RETAIN_SELF = YES;
				CLANG_WARN_OBJC_LITERAL_CONVERSION = YES;
				CLANG_WARN_OBJC_ROOT_CLASS = YES_ERROR;
				CLANG_WARN_QUOTED_INCLUDE_IN_FRAMEWORK_HEADER = YES;
				CLANG_WARN_RANGE_LOOP_ANALYSIS = YES;
				CLANG_WARN_STRICT_PROTOTYPES = YES;
				CLANG_WARN_SUSPICIOUS_MOVE = YES;
				CLANG_WARN_UNGUARDED_AVAILABILITY = YES_AGGRESSIVE;
				CLANG_WARN_UNREACHABLE_CODE = YES;
				CLANG_WARN__DUPLICATE_METHOD_MATCH = YES;
				COPY_PHASE_STRIP = NO;
				DEBUG_INFORMATION_FORMAT = "dwarf-with-dsym";
				ENABLE_NS_ASSERTIONS = NO;
				ENABLE_STRICT_OBJC_MSGSEND = YES;
				GCC_C_LANGUAGE_STANDARD = gnu11;
				GCC_NO_COMMON_BLOCKS = YES;
				GCC_WARN_64_TO_32_BIT_CONVERSION = YES;
				GCC_WARN_ABOUT_RETURN_TYPE = YES_ERROR;
				GCC_WARN_UNDECLARED_SELECTOR = YES;
				GCC_WARN_UNINITIALIZED_AUTOS = YES_AGGRESSIVE;
				GCC_WARN_UNUSED_FUNCTION = YES;
				GCC_WARN_UNUSED_VARIABLE = YES;
				MACOSX_DEPLOYMENT_TARGET = 26.0;
				MTL_ENABLE_DEBUG_INFO = NO;
				MTL_FAST_MATH = YES;
				PRODUCT_NAME = "$(TARGET_NAME)";
				SDKROOT = macosx;
				SWIFT_COMPILATION_MODE = wholemodule;
				SWIFT_OPTIMIZATION_LEVEL = "-O";
				SWIFT_VERSION = 6.0;
			};
			name = Release;
		};
		ECE1EB90017C988EAD2D6CA1 /* Release */ = {
			isa = XCBuildConfiguration;
			buildSettings = {
				ASSETCATALOG_COMPILER_APPICON_NAME = AppIcon;
				CODE_SIGN_STYLE = Automatic;
				COMBINE_HIDPI_IMAGES = YES;
				GENERATE_INFOPLIST_FILE = YES;
				INFOPLIST_KEY_CFBundleDisplayName = "Apple Intelligence Summarizer";
				INFOPLIST_KEY_LSApplicationCategoryType = "public.app-category.productivity";
				LD_RUNPATH_SEARCH_PATHS = (
					"$(inherited)",
					"@executable_path/../Frameworks",
				);
				PRODUCT_BUNDLE_IDENTIFIER = com.example.AppleIntelligenceSummarizer;
				PRODUCT_NAME = "Apple Intelligence Summarizer";
				SDKROOT = macosx;
			};
			name = Release;
		};
		FFB46D67BDB1D90E32FA02DC /* Debug */ = {
			isa = XCBuildConfiguration;
			buildSettings = {
				ASSETCATALOG_COMPILER_APPICON_NAME = AppIcon;
				CODE_SIGN_STYLE = Automatic;
				COMBINE_HIDPI_IMAGES = YES;
				GENERATE_INFOPLIST_FILE = YES;
				INFOPLIST_KEY_CFBundleDisplayName = "Apple Intelligence Summarizer";
				INFOPLIST_KEY_LSApplicationCategoryType = "public.app-category.productivity";
				LD_RUNPATH_SEARCH_PATHS = (
					"$(inherited)",
					"@executable_path/../Frameworks",
				);
				PRODUCT_BUNDLE_IDENTIFIER = com.example.AppleIntelligenceSummarizer;
				PRODUCT_NAME = "Apple Intelligence Summarizer";
				SDKROOT = macosx;
			};
			name = Debug;
		};
/* End XCBuildConfiguration section */

/* Begin XCConfigurationList section */
		AF59536B7C239686EE48D894 /* Build configuration list for PBXProject "AppleIntelligenceSummarizer" */ = {
			isa = XCConfigurationList;
			buildConfigurations = (
				0DA0FEA79271935660EA0918 /* Debug */,
				1F0AD390EDE4B03DE95CE396 /* Release */,
			);
			defaultConfigurationIsVisible = 0;
			defaultConfigurationName = Debug;
		};
		DBBAA5CF02950AE28579007D /* Build configuration list for PBXNativeTarget "AppleIntelligenceSummarizer" */ = {
			isa = XCConfigurationList;
			buildConfigurations = (
				FFB46D67BDB1D90E32FA02DC /* Debug */,
				ECE1EB90017C988EAD2D6CA1 /* Release */,
			);
			defaultConfigurationIsVisible = 0;
			defaultConfigurationName = Debug;
		};
/* End XCConfigurationList section */
	};
	rootObject = FFB8EEE6E2F04E53748CF645 /* Project object */;
}
